
Microsoft Visual Studio Solution File, Format Version 12.00
# Visual Studio Version 16
VisualStudioVersion = 16.0.31702.278
MinimumVisualStudioVersion = 10.0.40219.1
Project("{FAE04EC0-301F-11D3-BF4B-00C04F79EFBC}") = "Skyrim Background Injector", "Skyrim Background Injector.csproj", "{0743075D-C768-41C6-9F6C-EA4A8DEEBBDB}"
EndProject
Global
	GlobalSection(SolutionConfigurationPlatforms) = preSolution
		Debug|Any CPU = Debug|Any CPU
		Release|Any CPU = Release|Any CPU
	EndGlobalSection
	GlobalSection(ProjectConfigurationPlatforms) = postSolution
		{0743075D-C768-41C6-9F6C-EA4A8DEEBBDB}.Debug|Any CPU.ActiveCfg = Debug|Any CPU
		{0743075D-C768-41C6-9F6C-EA4A8DEEBBDB}.Debug|Any CPU.Build.0 = Debug|Any CPU
		{0743075D-C768-41C6-9F6C-EA4A8DEEBBDB}.Release|Any CPU.ActiveCfg = Release|Any CPU
		{0743075D-C768-41C6-9F6C-EA4A8DEEBBDB}.Release|Any CPU.Build.0 = Release|Any CPU
	EndGlobalSection
	GlobalSection(SolutionProperties) = preSolution
		HideSolutionNode = FALSE
	EndGlobalSection
	GlobalSection(ExtensibilityGlobals) = postSolution
		SolutionGuid = {5B924F55-BCAA-486C-935F-0A0ED8EFE594}
	EndGlobalSection
EndGlobal
